// !$*UTF8*$!
{
	archiveVersion = 1;
	classes = {
	};
	objectVersion = 56;
	objects = {

/* Begin PBXBuildFile section */
		1D511D252C6D21BE008F8788 /* BadgeView.swift in Sources */ = {isa = PBXBuildFile; fileRef = 1D511D242C6D21BE008F8788 /* BadgeView.swift */; };
		1D511D272C6D2575008F8788 /* ProductHelpButtonsView.swift in Sources */ = {isa = PBXBuildFile; fileRef = 1D511D262C6D2575008F8788 /* ProductHelpButtonsView.swift */; };
		1D511D292C6D2D29008F8788 /* ProductGridItemView.swift in Sources */ = {isa = PBXBuildFile; fileRef = 1D511D282C6D2D29008F8788 /* ProductGridItemView.swift */; };
		1D85CE732C6CC69D009DF3C7 /* ProductListItemView.swift in Sources */ = {isa = PBXBuildFile; fileRef = 1D85CE722C6CC69D009DF3C7 /* ProductListItemView.swift */; };
		1D85CE752C6CC7F5009DF3C7 /* RatingView.swift in Sources */ = {isa = PBXBuildFile; fileRef = 1D85CE742C6CC7F5009DF3C7 /* RatingView.swift */; };
		1D85CE772C6D0600009DF3C7 /* UnselectedProductButtonView.swift in Sources */ = {isa = PBXBuildFile; fileRef = 1D85CE762C6D0600009DF3C7 /* UnselectedProductButtonView.swift */; };
		1D85CE7B2C6D0B12009DF3C7 /* AppIcons.swift in Sources */ = {isa = PBXBuildFile; fileRef = 1D85CE7A2C6D0B12009DF3C7 /* AppIcons.swift */; };
		1D85CE7E2C6D0B46009DF3C7 /* DoubleUtils.swift in Sources */ = {isa = PBXBuildFile; fileRef = 1D85CE7D2C6D0B46009DF3C7 /* DoubleUtils.swift */; };
		1D85CE812C6D0CAE009DF3C7 /* TextModifiers.swift in Sources */ = {isa = PBXBuildFile; fileRef = 1D85CE802C6D0CAE009DF3C7 /* TextModifiers.swift */; };
		1D85CE832C6D0DE5009DF3C7 /* AppColors.swift in Sources */ = {isa = PBXBuildFile; fileRef = 1D85CE822C6D0DE5009DF3C7 /* AppColors.swift */; };
		1D9493512C6BBE5E008BF6E0 /* ListToGridAndBackApp.swift in Sources */ = {isa = PBXBuildFile; fileRef = 1D9493502C6BBE5E008BF6E0 /* ListToGridAndBackApp.swift */; };
		1D9493552C6BBE5F008BF6E0 /* Assets.xcassets in Resources */ = {isa = PBXBuildFile; fileRef = 1D9493542C6BBE5F008BF6E0 /* Assets.xcassets */; };
		1D9493582C6BBE5F008BF6E0 /* Preview Assets.xcassets in Resources */ = {isa = PBXBuildFile; fileRef = 1D9493572C6BBE5F008BF6E0 /* Preview Assets.xcassets */; };
		1D9493602C6BBEB3008BF6E0 /* ProductsScreenView.swift in Sources */ = {isa = PBXBuildFile; fileRef = 1D94935F2C6BBEB3008BF6E0 /* ProductsScreenView.swift */; };
		1D9493642C6BBECF008BF6E0 /* ProductsViewModel.swift in Sources */ = {isa = PBXBuildFile; fileRef = 1D9493632C6BBECF008BF6E0 /* ProductsViewModel.swift */; };
		1D9493672C6BBF6B008BF6E0 /* ProductsService.swift in Sources */ = {isa = PBXBuildFile; fileRef = 1D9493662C6BBF6B008BF6E0 /* ProductsService.swift */; };
		1D9493692C6BBFA6008BF6E0 /* Product.swift in Sources */ = {isa = PBXBuildFile; fileRef = 1D9493682C6BBFA6008BF6E0 /* Product.swift */; };
		1D94936B2C6BF1A1008BF6E0 /* SelectedProductInfo.swift in Sources */ = {isa = PBXBuildFile; fileRef = 1D94936A2C6BF1A1008BF6E0 /* SelectedProductInfo.swift */; };
		1D94936E2C6BF413008BF6E0 /* ProductsListView.swift in Sources */ = {isa = PBXBuildFile; fileRef = 1D94936D2C6BF413008BF6E0 /* ProductsListView.swift */; };
		1D9493702C6BF428008BF6E0 /* ProductsGridView.swift in Sources */ = {isa = PBXBuildFile; fileRef = 1D94936F2C6BF428008BF6E0 /* ProductsGridView.swift */; };
		1D9493722C6BF5F8008BF6E0 /* AnimatedViewSwitcher.swift in Sources */ = {isa = PBXBuildFile; fileRef = 1D9493712C6BF5F8008BF6E0 /* AnimatedViewSwitcher.swift */; };
		1D9493742C6C9029008BF6E0 /* ProductPickerView.swift in Sources */ = {isa = PBXBuildFile; fileRef = 1D9493732C6C9029008BF6E0 /* ProductPickerView.swift */; };
/* End PBXBuildFile section */

/* Begin PBXFileReference section */
		1D511D242C6D21BE008F8788 /* BadgeView.swift */ = {isa = PBXFileReference; lastKnownFileType = sourcecode.swift; path = BadgeView.swift; sourceTree = "<group>"; };
		1D511D262C6D2575008F8788 /* ProductHelpButtonsView.swift */ = {isa = PBXFileReference; lastKnownFileType = sourcecode.swift; path = ProductHelpButtonsView.swift; sourceTree = "<group>"; };
		1D511D282C6D2D29008F8788 /* ProductGridItemView.swift */ = {isa = PBXFileReference; lastKnownFileType = sourcecode.swift; path = ProductGridItemView.swift; sourceTree = "<group>"; };
		1D85CE722C6CC69D009DF3C7 /* ProductListItemView.swift */ = {isa = PBXFileReference; lastKnownFileType = sourcecode.swift; path = ProductListItemView.swift; sourceTree = "<group>"; };
		1D85CE742C6CC7F5009DF3C7 /* RatingView.swift */ = {isa = PBXFileReference; lastKnownFileType = sourcecode.swift; path = RatingView.swift; sourceTree = "<group>"; };
		1D85CE762C6D0600009DF3C7 /* UnselectedProductButtonView.swift */ = {isa = PBXFileReference; lastKnownFileType = sourcecode.swift; path = UnselectedProductButtonView.swift; sourceTree = "<group>"; };
		1D85CE7A2C6D0B12009DF3C7 /* AppIcons.swift */ = {isa = PBXFileReference; lastKnownFileType = sourcecode.swift; path = AppIcons.swift; sourceTree = "<group>"; };
		1D85CE7D2C6D0B46009DF3C7 /* DoubleUtils.swift */ = {isa = PBXFileReference; lastKnownFileType = sourcecode.swift; path = DoubleUtils.swift; sourceTree = "<group>"; };
		1D85CE802C6D0CAE009DF3C7 /* TextModifiers.swift */ = {isa = PBXFileReference; lastKnownFileType = sourcecode.swift; path = TextModifiers.swift; sourceTree = "<group>"; };
		1D85CE822C6D0DE5009DF3C7 /* AppColors.swift */ = {isa = PBXFileReference; lastKnownFileType = sourcecode.swift; path = AppColors.swift; sourceTree = "<group>"; };
		1D94934D2C6BBE5E008BF6E0 /* ListToGridAndBack.app */ = {isa = PBXFileReference; explicitFileType = wrapper.application; includeInIndex = 0; path = ListToGridAndBack.app; sourceTree = BUILT_PRODUCTS_DIR; };
		1D9493502C6BBE5E008BF6E0 /* ListToGridAndBackApp.swift */ = {isa = PBXFileReference; lastKnownFileType = sourcecode.swift; path = ListToGridAndBackApp.swift; sourceTree = "<group>"; };
		1D9493542C6BBE5F008BF6E0 /* Assets.xcassets */ = {isa = PBXFileReference; lastKnownFileType = folder.assetcatalog; path = Assets.xcassets; sourceTree = "<group>"; };
		1D9493572C6BBE5F008BF6E0 /* Preview Assets.xcassets */ = {isa = PBXFileReference; lastKnownFileType = folder.assetcatalog; path = "Preview Assets.xcassets"; sourceTree = "<group>"; };
		1D94935F2C6BBEB3008BF6E0 /* ProductsScreenView.swift */ = {isa = PBXFileReference; lastKnownFileType = sourcecode.swift; path = ProductsScreenView.swift; sourceTree = "<group>"; };
		1D9493632C6BBECF008BF6E0 /* ProductsViewModel.swift */ = {isa = PBXFileReference; lastKnownFileType = sourcecode.swift; path = ProductsViewModel.swift; sourceTree = "<group>"; };
		1D9493662C6BBF6B008BF6E0 /* ProductsService.swift */ = {isa = PBXFileReference; lastKnownFileType = sourcecode.swift; path = ProductsService.swift; sourceTree = "<group>"; };
		1D9493682C6BBFA6008BF6E0 /* Product.swift */ = {isa = PBXFileReference; lastKnownFileType = sourcecode.swift; path = Product.swift; sourceTree = "<group>"; };
		1D94936A2C6BF1A1008BF6E0 /* SelectedProductInfo.swift */ = {isa = PBXFileReference; lastKnownFileType = sourcecode.swift; path = SelectedProductInfo.swift; sourceTree = "<group>"; };
		1D94936D2C6BF413008BF6E0 /* ProductsListView.swift */ = {isa = PBXFileReference; lastKnownFileType = sourcecode.swift; path = ProductsListView.swift; sourceTree = "<group>"; };
		1D94936F2C6BF428008BF6E0 /* ProductsGridView.swift */ = {isa = PBXFileReference; lastKnownFileType = sourcecode.swift; path = ProductsGridView.swift; sourceTree = "<group>"; };
		1D9493712C6BF5F8008BF6E0 /* AnimatedViewSwitcher.swift */ = {isa = PBXFileReference; lastKnownFileType = sourcecode.swift; path = AnimatedViewSwitcher.swift; sourceTree = "<group>"; };
		1D9493732C6C9029008BF6E0 /* ProductPickerView.swift */ = {isa = PBXFileReference; lastKnownFileType = sourcecode.swift; path = ProductPickerView.swift; sourceTree = "<group>"; };
/* End PBXFileReference section */

/* Begin PBXFrameworksBuildPhase section */
		1D94934A2C6BBE5E008BF6E0 /* Frameworks */ = {
			isa = PBXFrameworksBuildPhase;
			buildActionMask = 2147483647;
			files = (
			);
			runOnlyForDeploymentPostprocessing = 0;
		};
/* End PBXFrameworksBuildPhase section */

/* Begin PBXGroup section */
		1D85CE782C6D0AFA009DF3C7 /* Core */ = {
			isa = PBXGroup;
			children = (
				1D85CE7F2C6D0C9B009DF3C7 /* ViewModifiers */,
				1D85CE7C2C6D0B33009DF3C7 /* Utils */,
				1D85CE792C6D0AFE009DF3C7 /* Resources */,
			);
			path = Core;
			sourceTree = "<group>";
		};
		1D85CE792C6D0AFE009DF3C7 /* Resources */ = {
			isa = PBXGroup;
			children = (
				1D85CE7A2C6D0B12009DF3C7 /* AppIcons.swift */,
				1D85CE822C6D0DE5009DF3C7 /* AppColors.swift */,
			);
			path = Resources;
			sourceTree = "<group>";
		};
		1D85CE7C2C6D0B33009DF3C7 /* Utils */ = {
			isa = PBXGroup;
			children = (
				1D85CE7D2C6D0B46009DF3C7 /* DoubleUtils.swift */,
			);
			path = Utils;
			sourceTree = "<group>";
		};
		1D85CE7F2C6D0C9B009DF3C7 /* ViewModifiers */ = {
			isa = PBXGroup;
			children = (
				1D85CE802C6D0CAE009DF3C7 /* TextModifiers.swift */,
			);
			path = ViewModifiers;
			sourceTree = "<group>";
		};
		1D9493442C6BBE5E008BF6E0 = {
			isa = PBXGroup;
			children = (
				1D94934F2C6BBE5E008BF6E0 /* ListToGridAndBack */,
				1D94934E2C6BBE5E008BF6E0 /* Products */,
			);
			sourceTree = "<group>";
		};
		1D94934E2C6BBE5E008BF6E0 /* Products */ = {
			isa = PBXGroup;
			children = (
				1D94934D2C6BBE5E008BF6E0 /* ListToGridAndBack.app */,
			);
			name = Products;
			sourceTree = "<group>";
		};
		1D94934F2C6BBE5E008BF6E0 /* ListToGridAndBack */ = {
			isa = PBXGroup;
			children = (
				1D85CE782C6D0AFA009DF3C7 /* Core */,
				1D94935E2C6BBE94008BF6E0 /* Products */,
				1D9493502C6BBE5E008BF6E0 /* ListToGridAndBackApp.swift */,
				1D9493542C6BBE5F008BF6E0 /* Assets.xcassets */,
				1D9493562C6BBE5F008BF6E0 /* Preview Content */,
			);
			path = ListToGridAndBack;
			sourceTree = "<group>";
		};
		1D9493562C6BBE5F008BF6E0 /* Preview Content */ = {
			isa = PBXGroup;
			children = (
				1D9493572C6BBE5F008BF6E0 /* Preview Assets.xcassets */,
			);
			path = "Preview Content";
			sourceTree = "<group>";
		};
		1D94935E2C6BBE94008BF6E0 /* Products */ = {
			isa = PBXGroup;
			children = (
				1D9493652C6BBF61008BF6E0 /* Service */,
				1D9493622C6BBEBC008BF6E0 /* Model */,
				1D9493612C6BBEB7008BF6E0 /* ViewModel */,
				1D94936C2C6BF406008BF6E0 /* View */,
				1D94935F2C6BBEB3008BF6E0 /* ProductsScreenView.swift */,
			);
			path = Products;
			sourceTree = "<group>";
		};
		1D9493612C6BBEB7008BF6E0 /* ViewModel */ = {
			isa = PBXGroup;
			children = (
				1D9493632C6BBECF008BF6E0 /* ProductsViewModel.swift */,
			);
			path = ViewModel;
			sourceTree = "<group>";
		};
		1D9493622C6BBEBC008BF6E0 /* Model */ = {
			isa = PBXGroup;
			children = (
				1D9493682C6BBFA6008BF6E0 /* Product.swift */,
				1D94936A2C6BF1A1008BF6E0 /* SelectedProductInfo.swift */,
			);
			path = Model;
			sourceTree = "<group>";
		};
		1D9493652C6BBF61008BF6E0 /* Service */ = {
			isa = PBXGroup;
			children = (
				1D9493662C6BBF6B008BF6E0 /* ProductsService.swift */,
			);
			path = Service;
			sourceTree = "<group>";
		};
		1D94936C2C6BF406008BF6E0 /* View */ = {
			isa = PBXGroup;
			children = (
				1D9493792C6CC53F008BF6E0 /* Shared */,
				1D9493782C6CC532008BF6E0 /* Grid */,
				1D9493772C6CC52C008BF6E0 /* List */,
			);
			path = View;
			sourceTree = "<group>";
		};
		1D9493772C6CC52C008BF6E0 /* List */ = {
			isa = PBXGroup;
			children = (
				1D94936D2C6BF413008BF6E0 /* ProductsListView.swift */,
				1D85CE722C6CC69D009DF3C7 /* ProductListItemView.swift */,
			);
			path = List;
			sourceTree = "<group>";
		};
		1D9493782C6CC532008BF6E0 /* Grid */ = {
			isa = PBXGroup;
			children = (
				1D94936F2C6BF428008BF6E0 /* ProductsGridView.swift */,
				1D511D282C6D2D29008F8788 /* ProductGridItemView.swift */,
			);
			path = Grid;
			sourceTree = "<group>";
		};
		1D9493792C6CC53F008BF6E0 /* Shared */ = {
			isa = PBXGroup;
			children = (
				1D9493732C6C9029008BF6E0 /* ProductPickerView.swift */,
				1D9493712C6BF5F8008BF6E0 /* AnimatedViewSwitcher.swift */,
				1D85CE742C6CC7F5009DF3C7 /* RatingView.swift */,
				1D85CE762C6D0600009DF3C7 /* UnselectedProductButtonView.swift */,
				1D511D242C6D21BE008F8788 /* BadgeView.swift */,
				1D511D262C6D2575008F8788 /* ProductHelpButtonsView.swift */,
			);
			path = Shared;
			sourceTree = "<group>";
		};
/* End PBXGroup section */

/* Begin PBXNativeTarget section */
		1D94934C2C6BBE5E008BF6E0 /* ListToGridAndBack */ = {
			isa = PBXNativeTarget;
			buildConfigurationList = 1D94935B2C6BBE5F008BF6E0 /* Build configuration list for PBXNativeTarget "ListToGridAndBack" */;
			buildPhases = (
				1D9493492C6BBE5E008BF6E0 /* Sources */,
				1D94934A2C6BBE5E008BF6E0 /* Frameworks */,
				1D94934B2C6BBE5E008BF6E0 /* Resources */,
			);
			buildRules = (
			);
			dependencies = (
			);
			name = ListToGridAndBack;
			productName = ListToGridAndBack;
			productReference = 1D94934D2C6BBE5E008BF6E0 /* ListToGridAndBack.app */;
			productType = "com.apple.product-type.application";
		};
/* End PBXNativeTarget section */

/* Begin PBXProject section */
		1D9493452C6BBE5E008BF6E0 /* Project object */ = {
			isa = PBXProject;
			attributes = {
				BuildIndependentTargetsInParallel = 1;
				LastSwiftUpdateCheck = 1540;
				LastUpgradeCheck = 1540;
				TargetAttributes = {
					1D94934C2C6BBE5E008BF6E0 = {
						CreatedOnToolsVersion = 15.4;
					};
				};
			};
			buildConfigurationList = 1D9493482C6BBE5E008BF6E0 /* Build configuration list for PBXProject "ListToGridAndBack" */;
			compatibilityVersion = "Xcode 14.0";
			developmentRegion = en;
			hasScannedForEncodings = 0;
			knownRegions = (
				en,
				Base,
			);
			mainGroup = 1D9493442C6BBE5E008BF6E0;
			productRefGroup = 1D94934E2C6BBE5E008BF6E0 /* Products */;
			projectDirPath = "";
			projectRoot = "";
			targets = (
				1D94934C2C6BBE5E008BF6E0 /* ListToGridAndBack */,
			);
		};
/* End PBXProject section */

/* Begin PBXResourcesBuildPhase section */
		1D94934B2C6BBE5E008BF6E0 /* Resources */ = {
			isa = PBXResourcesBuildPhase;
			buildActionMask = 2147483647;
			files = (
				1D9493582C6BBE5F008BF6E0 /* Preview Assets.xcassets in Resources */,
				1D9493552C6BBE5F008BF6E0 /* Assets.xcassets in Resources */,
			);
			runOnlyForDeploymentPostprocessing = 0;
		};
/* End PBXResourcesBuildPhase section */

/* Begin PBXSourcesBuildPhase section */
		1D9493492C6BBE5E008BF6E0 /* Sources */ = {
			isa = PBXSourcesBuildPhase;
			buildActionMask = 2147483647;
			files = (
				1D94936E2C6BF413008BF6E0 /* ProductsListView.swift in Sources */,
				1D9493722C6BF5F8008BF6E0 /* AnimatedViewSwitcher.swift in Sources */,
				1D9493512C6BBE5E008BF6E0 /* ListToGridAndBackApp.swift in Sources */,
				1D85CE7E2C6D0B46009DF3C7 /* DoubleUtils.swift in Sources */,
				1D85CE812C6D0CAE009DF3C7 /* TextModifiers.swift in Sources */,
				1D85CE732C6CC69D009DF3C7 /* ProductListItemView.swift in Sources */,
				1D511D252C6D21BE008F8788 /* BadgeView.swift in Sources */,
				1D9493642C6BBECF008BF6E0 /* ProductsViewModel.swift in Sources */,
				1D94936B2C6BF1A1008BF6E0 /* SelectedProductInfo.swift in Sources */,
				1D511D292C6D2D29008F8788 /* ProductGridItemView.swift in Sources */,
				1D85CE832C6D0DE5009DF3C7 /* AppColors.swift in Sources */,
				1D85CE7B2C6D0B12009DF3C7 /* AppIcons.swift in Sources */,
				1D85CE752C6CC7F5009DF3C7 /* RatingView.swift in Sources */,
				1D9493702C6BF428008BF6E0 /* ProductsGridView.swift in Sources */,
				1D9493742C6C9029008BF6E0 /* ProductPickerView.swift in Sources */,
				1D85CE772C6D0600009DF3C7 /* UnselectedProductButtonView.swift in Sources */,
				1D9493602C6BBEB3008BF6E0 /* ProductsScreenView.swift in Sources */,
				1D9493672C6BBF6B008BF6E0 /* ProductsService.swift in Sources */,
				1D9493692C6BBFA6008BF6E0 /* Product.swift in Sources */,
				1D511D272C6D2575008F8788 /* ProductHelpButtonsView.swift in Sources */,
			);
			runOnlyForDeploymentPostprocessing = 0;
		};
/* End PBXSourcesBuildPhase section */

/* Begin XCBuildConfiguration section */
		1D9493592C6BBE5F008BF6E0 /* Debug */ = {
			isa = XCBuildConfiguration;
			buildSettings = {
				ALWAYS_SEARCH_USER_PATHS = NO;
				ASSETCATALOG_COMPILER_GENERATE_SWIFT_ASSET_SYMBOL_EXTENSIONS = YES;
				CLANG_ANALYZER_NONNULL = YES;
				CLANG_ANALYZER_NUMBER_OBJECT_CONVERSION = YES_AGGRESSIVE;
				CLANG_CXX_LANGUAGE_STANDARD = "gnu++20";
				CLANG_ENABLE_MODULES = YES;
				CLANG_ENABLE_OBJC_ARC = YES;
				CLANG_ENABLE_OBJC_WEAK = YES;
				CLANG_WARN_BLOCK_CAPTURE_AUTORELEASING = YES;
				CLANG_WARN_BOOL_CONVERSION = YES;
				CLANG_WARN_COMMA = YES;
				CLANG_WARN_CONSTANT_CONVERSION = YES;
				CLANG_WARN_DEPRECATED_OBJC_IMPLEMENTATIONS = YES;
				CLANG_WARN_DIRECT_OBJC_ISA_USAGE = YES_ERROR;
				CLANG_WARN_DOCUMENTATION_COMMENTS = YES;
				CLANG_WARN_EMPTY_BODY = YES;
				CLANG_WARN_ENUM_CONVERSION = YES;
				CLANG_WARN_INFINITE_RECURSION = YES;
				CLANG_WARN_INT_CONVERSION = YES;
				CLANG_WARN_NON_LITERAL_NULL_CONVERSION = YES;
				CLANG_WARN_OBJC_IMPLICIT_RETAIN_SELF = YES;
				CLANG_WARN_OBJC_LITERAL_CONVERSION = YES;
				CLANG_WARN_OBJC_ROOT_CLASS = YES_ERROR;
				CLANG_WARN_QUOTED_INCLUDE_IN_FRAMEWORK_HEADER = YES;
				CLANG_WARN_RANGE_LOOP_ANALYSIS = YES;
				CLANG_WARN_STRICT_PROTOTYPES = YES;
				CLANG_WARN_SUSPICIOUS_MOVE = YES;
				CLANG_WARN_UNGUARDED_AVAILABILITY = YES_AGGRESSIVE;
				CLANG_WARN_UNREACHABLE_CODE = YES;
				CLANG_WARN__DUPLICATE_METHOD_MATCH = YES;
				COPY_PHASE_STRIP = NO;
				DEBUG_INFORMATION_FORMAT = dwarf;
				ENABLE_STRICT_OBJC_MSGSEND = YES;
				ENABLE_TESTABILITY = YES;
				ENABLE_USER_SCRIPT_SANDBOXING = YES;
				GCC_C_LANGUAGE_STANDARD = gnu17;
				GCC_DYNAMIC_NO_PIC = NO;
				GCC_NO_COMMON_BLOCKS = YES;
				GCC_OPTIMIZATION_LEVEL = 0;
				GCC_PREPROCESSOR_DEFINITIONS = (
					"DEBUG=1",
					"$(inherited)",
				);
				GCC_WARN_64_TO_32_BIT_CONVERSION = YES;
				GCC_WARN_ABOUT_RETURN_TYPE = YES_ERROR;
				GCC_WARN_UNDECLARED_SELECTOR = YES;
				GCC_WARN_UNINITIALIZED_AUTOS = YES_AGGRESSIVE;
				GCC_WARN_UNUSED_FUNCTION = YES;
				GCC_WARN_UNUSED_VARIABLE = YES;
				IPHONEOS_DEPLOYMENT_TARGET = 17.5;
				LOCALIZATION_PREFERS_STRING_CATALOGS = YES;
				MTL_ENABLE_DEBUG_INFO = INCLUDE_SOURCE;
				MTL_FAST_MATH = YES;
				ONLY_ACTIVE_ARCH = YES;
				SDKROOT = iphoneos;
				SWIFT_ACTIVE_COMPILATION_CONDITIONS = "DEBUG $(inherited)";
				SWIFT_OPTIMIZATION_LEVEL = "-Onone";
			};
			name = Debug;
		};
		1D94935A2C6BBE5F008BF6E0 /* Release */ = {
			isa = XCBuildConfiguration;
			buildSettings = {
				ALWAYS_SEARCH_USER_PATHS = NO;
				ASSETCATALOG_COMPILER_GENERATE_SWIFT_ASSET_SYMBOL_EXTENSIONS = YES;
				CLANG_ANALYZER_NONNULL = YES;
				CLANG_ANALYZER_NUMBER_OBJECT_CONVERSION = YES_AGGRESSIVE;
				CLANG_CXX_LANGUAGE_STANDARD = "gnu++20";
				CLANG_ENABLE_MODULES = YES;
				CLANG_ENABLE_OBJC_ARC = YES;
				CLANG_ENABLE_OBJC_WEAK = YES;
				CLANG_WARN_BLOCK_CAPTURE_AUTORELEASING = YES;
				CLANG_WARN_BOOL_CONVERSION = YES;
				CLANG_WARN_COMMA = YES;
				CLANG_WARN_CONSTANT_CONVERSION = YES;
				CLANG_WARN_DEPRECATED_OBJC_IMPLEMENTATIONS = YES;
				CLANG_WARN_DIRECT_OBJC_ISA_USAGE = YES_ERROR;
				CLANG_WARN_DOCUMENTATION_COMMENTS = YES;
				CLANG_WARN_EMPTY_BODY = YES;
				CLANG_WARN_ENUM_CONVERSION = YES;
				CLANG_WARN_INFINITE_RECURSION = YES;
				CLANG_WARN_INT_CONVERSION = YES;
				CLANG_WARN_NON_LITERAL_NULL_CONVERSION = YES;
				CLANG_WARN_OBJC_IMPLICIT_RETAIN_SELF = YES;
				CLANG_WARN_OBJC_LITERAL_CONVERSION = YES;
				CLANG_WARN_OBJC_ROOT_CLASS = YES_ERROR;
				CLANG_WARN_QUOTED_INCLUDE_IN_FRAMEWORK_HEADER = YES;
				CLANG_WARN_RANGE_LOOP_ANALYSIS = YES;
				CLANG_WARN_STRICT_PROTOTYPES = YES;
				CLANG_WARN_SUSPICIOUS_MOVE = YES;
				CLANG_WARN_UNGUARDED_AVAILABILITY = YES_AGGRESSIVE;
				CLANG_WARN_UNREACHABLE_CODE = YES;
				CLANG_WARN__DUPLICATE_METHOD_MATCH = YES;
				COPY_PHASE_STRIP = NO;
				DEBUG_INFORMATION_FORMAT = "dwarf-with-dsym";
				ENABLE_NS_ASSERTIONS = NO;
				ENABLE_STRICT_OBJC_MSGSEND = YES;
				ENABLE_USER_SCRIPT_SANDBOXING = YES;
				GCC_C_LANGUAGE_STANDARD = gnu17;
				GCC_NO_COMMON_BLOCKS = YES;
				GCC_WARN_64_TO_32_BIT_CONVERSION = YES;
				GCC_WARN_ABOUT_RETURN_TYPE = YES_ERROR;
				GCC_WARN_UNDECLARED_SELECTOR = YES;
				GCC_WARN_UNINITIALIZED_AUTOS = YES_AGGRESSIVE;
				GCC_WARN_UNUSED_FUNCTION = YES;
				GCC_WARN_UNUSED_VARIABLE = YES;
				IPHONEOS_DEPLOYMENT_TARGET = 17.5;
				LOCALIZATION_PREFERS_STRING_CATALOGS = YES;
				MTL_ENABLE_DEBUG_INFO = NO;
				MTL_FAST_MATH = YES;
				SDKROOT = iphoneos;
				SWIFT_COMPILATION_MODE = wholemodule;
				VALIDATE_PRODUCT = YES;
			};
			name = Release;
		};
		1D94935C2C6BBE5F008BF6E0 /* Debug */ = {
			isa = XCBuildConfiguration;
			buildSettings = {
				ASSETCATALOG_COMPILER_APPICON_NAME = AppIcon;
				ASSETCATALOG_COMPILER_GLOBAL_ACCENT_COLOR_NAME = AccentColor;
				CODE_SIGN_STYLE = Automatic;
				CURRENT_PROJECT_VERSION = 1;
				DEVELOPMENT_ASSET_PATHS = "\"ListToGridAndBack/Preview Content\"";
				DEVELOPMENT_TEAM = HPTTZ8FMZM;
				ENABLE_PREVIEWS = YES;
				GENERATE_INFOPLIST_FILE = YES;
				INFOPLIST_KEY_UIApplicationSceneManifest_Generation = YES;
				INFOPLIST_KEY_UIApplicationSupportsIndirectInputEvents = YES;
				INFOPLIST_KEY_UILaunchScreen_Generation = YES;
				INFOPLIST_KEY_UISupportedInterfaceOrientations_iPad = "UIInterfaceOrientationPortrait UIInterfaceOrientationPortraitUpsideDown UIInterfaceOrientationLandscapeLeft UIInterfaceOrientationLandscapeRight";
				INFOPLIST_KEY_UISupportedInterfaceOrientations_iPhone = "UIInterfaceOrientationPortrait UIInterfaceOrientationLandscapeLeft UIInterfaceOrientationLandscapeRight";
				LD_RUNPATH_SEARCH_PATHS = (
					"$(inherited)",
					"@executable_path/Frameworks",
				);
				MARKETING_VERSION = 1.0;
				PRODUCT_BUNDLE_IDENTIFIER = my.test.applic.ListToGridAndBack;
				PRODUCT_NAME = "$(TARGET_NAME)";
				SWIFT_EMIT_LOC_STRINGS = YES;
				SWIFT_VERSION = 5.0;
				TARGETED_DEVICE_FAMILY = "1,2";
			};
			name = Debug;
		};
		1D94935D2C6BBE5F008BF6E0 /* Release */ = {
			isa = XCBuildConfiguration;
			buildSettings = {
				ASSETCATALOG_COMPILER_APPICON_NAME = AppIcon;
				ASSETCATALOG_COMPILER_GLOBAL_ACCENT_COLOR_NAME = AccentColor;
				CODE_SIGN_STYLE = Automatic;
				CURRENT_PROJECT_VERSION = 1;
				DEVELOPMENT_ASSET_PATHS = "\"ListToGridAndBack/Preview Content\"";
				DEVELOPMENT_TEAM = HPTTZ8FMZM;
				ENABLE_PREVIEWS = YES;
				GENERATE_INFOPLIST_FILE = YES;
				INFOPLIST_KEY_UIApplicationSceneManifest_Generation = YES;
				INFOPLIST_KEY_UIApplicationSupportsIndirectInputEvents = YES;
				INFOPLIST_KEY_UILaunchScreen_Generation = YES;
				INFOPLIST_KEY_UISupportedInterfaceOrientations_iPad = "UIInterfaceOrientationPortrait UIInterfaceOrientationPortraitUpsideDown UIInterfaceOrientationLandscapeLeft UIInterfaceOrientationLandscapeRight";
				INFOPLIST_KEY_UISupportedInterfaceOrientations_iPhone = "UIInterfaceOrientationPortrait UIInterfaceOrientationLandscapeLeft UIInterfaceOrientationLandscapeRight";
				LD_RUNPATH_SEARCH_PATHS = (
					"$(inherited)",
					"@executable_path/Frameworks",
				);
				MARKETING_VERSION = 1.0;
				PRODUCT_BUNDLE_IDENTIFIER = my.test.applic.ListToGridAndBack;
				PRODUCT_NAME = "$(TARGET_NAME)";
				SWIFT_EMIT_LOC_STRINGS = YES;
				SWIFT_VERSION = 5.0;
				TARGETED_DEVICE_FAMILY = "1,2";
			};
			name = Release;
		};
/* End XCBuildConfiguration section */

/* Begin XCConfigurationList section */
		1D9493482C6BBE5E008BF6E0 /* Build configuration list for PBXProject "ListToGridAndBack" */ = {
			isa = XCConfigurationList;
			buildConfigurations = (
				1D9493592C6BBE5F008BF6E0 /* Debug */,
				1D94935A2C6BBE5F008BF6E0 /* Release */,
			);
			defaultConfigurationIsVisible = 0;
			defaultConfigurationName = Release;
		};
		1D94935B2C6BBE5F008BF6E0 /* Build configuration list for PBXNativeTarget "ListToGridAndBack" */ = {
			isa = XCConfigurationList;
			buildConfigurations = (
				1D94935C2C6BBE5F008BF6E0 /* Debug */,
				1D94935D2C6BBE5F008BF6E0 /* Release */,
			);
			defaultConfigurationIsVisible = 0;
			defaultConfigurationName = Release;
		};
/* End XCConfigurationList section */
	};
	rootObject = 1D9493452C6BBE5E008BF6E0 /* Project object */;
}
